
Microsoft Visual Studio Solution File, Format Version 12.00
# Visual Studio Version 17
VisualStudioVersion = 17.11.35219.272
MinimumVisualStudioVersion = 10.0.40219.1
Project("{FAE04EC0-301F-11D3-BF4B-00C04F79EFBC}") = "products", "products.csproj", "{AD66F1C5-80F8-44DD-A15E-4042CC81905E}"
EndProject
Global
	GlobalSection(SolutionConfigurationPlatforms) = preSolution
		Debug|Any CPU = Debug|Any CPU
		Release|Any CPU = Release|Any CPU
	EndGlobalSection
	GlobalSection(ProjectConfigurationPlatforms) = postSolution
		{AD66F1C5-80F8-44DD-A15E-4042CC81905E}.Debug|Any CPU.ActiveCfg = Debug|Any CPU
		{AD66F1C5-80F8-44DD-A15E-4042CC81905E}.Debug|Any CPU.Build.0 = Debug|Any CPU
		{AD66F1C5-80F8-44DD-A15E-4042CC81905E}.Release|Any CPU.ActiveCfg = Release|Any CPU
		{AD66F1C5-80F8-44DD-A15E-4042CC81905E}.Release|Any CPU.Build.0 = Release|Any CPU
	EndGlobalSection
	GlobalSection(SolutionProperties) = preSolution
		HideSolutionNode = FALSE
	EndGlobalSection
	GlobalSection(ExtensibilityGlobals) = postSolution
		SolutionGuid = {F2D61C14-0544-41E1-9F53-59063B934122}
	EndGlobalSection
EndGlobal
